
Microsoft Visual Studio Solution File, Format Version 12.00
# Visual Studio 2017
Project("{FAE04EC0-301F-11D3-BF4B-00C04F79EFBC}") = "Bears2", "Bears2.csproj", "{A3BE2369-258C-E7AD-672F-C4C73D7FC972}"
EndProject
Global
	GlobalSection(SolutionConfigurationPlatforms) = preSolution
		Debug|Any CPU = Debug|Any CPU
		Release|Any CPU = Release|Any CPU
	EndGlobalSection
	GlobalSection(ProjectConfigurationPlatforms) = postSolution
		{A3BE2369-258C-E7AD-672F-C4C73D7FC972}.Debug|Any CPU.ActiveCfg = Debug|Any CPU
		{A3BE2369-258C-E7AD-672F-C4C73D7FC972}.Debug|Any CPU.Build.0 = Debug|Any CPU
		{A3BE2369-258C-E7AD-672F-C4C73D7FC972}.Release|Any CPU.ActiveCfg = Release|Any CPU
		{A3BE2369-258C-E7AD-672F-C4C73D7FC972}.Release|Any CPU.Build.0 = Release|Any CPU
	EndGlobalSection
	GlobalSection(SolutionProperties) = preSolution
		HideSolutionNode = FALSE
	EndGlobalSection
EndGlobal
